
Microsoft Visual Studio Solution File, Format Version 12.00
# Visual Studio Version 17
VisualStudioVersion = 17.4.33205.214
MinimumVisualStudioVersion = 10.0.40219.1
Project("{FAE04EC0-301F-11D3-BF4B-00C04F79EFBC}") = "JeuCours", "JeuCours.csproj", "{66DA72B7-388A-4C2D-976A-49A114B51E28}"
EndProject
Global
	GlobalSection(SolutionConfigurationPlatforms) = preSolution
		Debug|Any CPU = Debug|Any CPU
		Release|Any CPU = Release|Any CPU
	EndGlobalSection
	GlobalSection(ProjectConfigurationPlatforms) = postSolution
		{66DA72B7-388A-4C2D-976A-49A114B51E28}.Debug|Any CPU.ActiveCfg = Debug|Any CPU
		{66DA72B7-388A-4C2D-976A-49A114B51E28}.Debug|Any CPU.Build.0 = Debug|Any CPU
		{66DA72B7-388A-4C2D-976A-49A114B51E28}.Release|Any CPU.ActiveCfg = Release|Any CPU
		{66DA72B7-388A-4C2D-976A-49A114B51E28}.Release|Any CPU.Build.0 = Release|Any CPU
	EndGlobalSection
	GlobalSection(SolutionProperties) = preSolution
		HideSolutionNode = FALSE
	EndGlobalSection
	GlobalSection(ExtensibilityGlobals) = postSolution
		SolutionGuid = {448330F8-6C57-4A90-85BD-2184B5216268}
	EndGlobalSection
EndGlobal
